// !$*UTF8*$!
{
	archiveVersion = 1;
	classes = {
	};
	objectVersion = 50;
	objects = {

/* Begin PBXBuildFile section */
		099967D2228BB040005BC1A5 /* AppDelegate.swift in Sources */ = {isa = PBXBuildFile; fileRef = 099967D1228BB040005BC1A5 /* AppDelegate.swift */; };
		099967D4228BB040005BC1A5 /* ViewController.swift in Sources */ = {isa = PBXBuildFile; fileRef = 099967D3228BB040005BC1A5 /* ViewController.swift */; };
		099967D7228BB040005BC1A5 /* Main.storyboard in Resources */ = {isa = PBXBuildFile; fileRef = 099967D5228BB040005BC1A5 /* Main.storyboard */; };
		099967D9228BB041005BC1A5 /* Assets.xcassets in Resources */ = {isa = PBXBuildFile; fileRef = 099967D8228BB041005BC1A5 /* Assets.xcassets */; };
		099967DC228BB041005BC1A5 /* LaunchScreen.storyboard in Resources */ = {isa = PBXBuildFile; fileRef = 099967DA228BB041005BC1A5 /* LaunchScreen.storyboard */; };
		099967E4228BB058005BC1A5 /* LearnerModel.swift in Sources */ = {isa = PBXBuildFile; fileRef = 099967E3228BB058005BC1A5 /* LearnerModel.swift */; };
		09996806228BC4D5005BC1A5 /* FacilitatorModel.swift in Sources */ = {isa = PBXBuildFile; fileRef = 09996805228BC4D5005BC1A5 /* FacilitatorModel.swift */; };
		09996808228BC99B005BC1A5 /* MenteeModel.swift in Sources */ = {isa = PBXBuildFile; fileRef = 09996807228BC99B005BC1A5 /* MenteeModel.swift */; };
		0999680C228BCD18005BC1A5 /* RoundedButton.swift in Sources */ = {isa = PBXBuildFile; fileRef = 0999680B228BCD18005BC1A5 /* RoundedButton.swift */; };
/* End PBXBuildFile section */

/* Begin PBXFileReference section */
		099967CE228BB040005BC1A5 /* Project 15 may 2019.app */ = {isa = PBXFileReference; explicitFileType = wrapper.application; includeInIndex = 0; path = "Project 15 may 2019.app"; sourceTree = BUILT_PRODUCTS_DIR; };
		099967D1228BB040005BC1A5 /* AppDelegate.swift */ = {isa = PBXFileReference; lastKnownFileType = sourcecode.swift; path = AppDelegate.swift; sourceTree = "<group>"; };
		099967D3228BB040005BC1A5 /* ViewController.swift */ = {isa = PBXFileReference; lastKnownFileType = sourcecode.swift; path = ViewController.swift; sourceTree = "<group>"; };
		099967D6228BB040005BC1A5 /* Base */ = {isa = PBXFileReference; lastKnownFileType = file.storyboard; name = Base; path = Base.lproj/Main.storyboard; sourceTree = "<group>"; };
		099967D8228BB041005BC1A5 /* Assets.xcassets */ = {isa = PBXFileReference; lastKnownFileType = folder.assetcatalog; path = Assets.xcassets; sourceTree = "<group>"; };
		099967DB228BB041005BC1A5 /* Base */ = {isa = PBXFileReference; lastKnownFileType = file.storyboard; name = Base; path = Base.lproj/LaunchScreen.storyboard; sourceTree = "<group>"; };
		099967DD228BB041005BC1A5 /* Info.plist */ = {isa = PBXFileReference; lastKnownFileType = text.plist.xml; path = Info.plist; sourceTree = "<group>"; };
		099967E3228BB058005BC1A5 /* LearnerModel.swift */ = {isa = PBXFileReference; lastKnownFileType = sourcecode.swift; path = LearnerModel.swift; sourceTree = "<group>"; };
		09996805228BC4D5005BC1A5 /* FacilitatorModel.swift */ = {isa = PBXFileReference; lastKnownFileType = sourcecode.swift; path = FacilitatorModel.swift; sourceTree = "<group>"; };
		09996807228BC99B005BC1A5 /* MenteeModel.swift */ = {isa = PBXFileReference; lastKnownFileType = sourcecode.swift; path = MenteeModel.swift; sourceTree = "<group>"; };
		0999680B228BCD18005BC1A5 /* RoundedButton.swift */ = {isa = PBXFileReference; lastKnownFileType = sourcecode.swift; name = RoundedButton.swift; path = ../RoundedButton.swift; sourceTree = "<group>"; };
/* End PBXFileReference section */

/* Begin PBXFrameworksBuildPhase section */
		099967CB228BB040005BC1A5 /* Frameworks */ = {
			isa = PBXFrameworksBuildPhase;
			buildActionMask = 2147483647;
			files = (
			);
			runOnlyForDeploymentPostprocessing = 0;
		};
/* End PBXFrameworksBuildPhase section */

/* Begin PBXGroup section */
		099967C5228BB040005BC1A5 = {
			isa = PBXGroup;
			children = (
				099967D0228BB040005BC1A5 /* Porject 15 may 2019 */,
				099967CF228BB040005BC1A5 /* Products */,
			);
			sourceTree = "<group>";
		};
		099967CF228BB040005BC1A5 /* Products */ = {
			isa = PBXGroup;
			children = (
				099967CE228BB040005BC1A5 /* Project 15 may 2019.app */,
			);
			name = Products;
			sourceTree = "<group>";
		};
		099967D0228BB040005BC1A5 /* Porject 15 may 2019 */ = {
			isa = PBXGroup;
			children = (
				0999680B228BCD18005BC1A5 /* RoundedButton.swift */,
				099967D1228BB040005BC1A5 /* AppDelegate.swift */,
				099967D3228BB040005BC1A5 /* ViewController.swift */,
				099967D5228BB040005BC1A5 /* Main.storyboard */,
				099967E3228BB058005BC1A5 /* LearnerModel.swift */,
				09996805228BC4D5005BC1A5 /* FacilitatorModel.swift */,
				09996807228BC99B005BC1A5 /* MenteeModel.swift */,
				099967D8228BB041005BC1A5 /* Assets.xcassets */,
				099967DA228BB041005BC1A5 /* LaunchScreen.storyboard */,
				099967DD228BB041005BC1A5 /* Info.plist */,
			);
			path = "Porject 15 may 2019";
			sourceTree = "<group>";
		};
/* End PBXGroup section */

/* Begin PBXNativeTarget section */
		099967CD228BB040005BC1A5 /* Project 15 may 2019 */ = {
			isa = PBXNativeTarget;
			buildConfigurationList = 099967E0228BB041005BC1A5 /* Build configuration list for PBXNativeTarget "Project 15 may 2019" */;
			buildPhases = (
				099967CA228BB040005BC1A5 /* Sources */,
				099967CB228BB040005BC1A5 /* Frameworks */,
				099967CC228BB040005BC1A5 /* Resources */,
			);
			buildRules = (
			);
			dependencies = (
			);
			name = "Project 15 may 2019";
			productName = "Porject 15 may 2019";
			productReference = 099967CE228BB040005BC1A5 /* Project 15 may 2019.app */;
			productType = "com.apple.product-type.application";
		};
/* End PBXNativeTarget section */

/* Begin PBXProject section */
		099967C6228BB040005BC1A5 /* Project object */ = {
			isa = PBXProject;
			attributes = {
				LastSwiftUpdateCheck = 1020;
				LastUpgradeCheck = 1020;
				ORGANIZATIONNAME = "Marcell Julienne";
				TargetAttributes = {
					099967CD228BB040005BC1A5 = {
						CreatedOnToolsVersion = 10.2;
					};
				};
			};
			buildConfigurationList = 099967C9228BB040005BC1A5 /* Build configuration list for PBXProject "Project 15 may 2019" */;
			compatibilityVersion = "Xcode 9.3";
			developmentRegion = en;
			hasScannedForEncodings = 0;
			knownRegions = (
				en,
				Base,
			);
			mainGroup = 099967C5228BB040005BC1A5;
			productRefGroup = 099967CF228BB040005BC1A5 /* Products */;
			projectDirPath = "";
			projectRoot = "";
			targets = (
				099967CD228BB040005BC1A5 /* Project 15 may 2019 */,
			);
		};
/* End PBXProject section */

/* Begin PBXResourcesBuildPhase section */
		099967CC228BB040005BC1A5 /* Resources */ = {
			isa = PBXResourcesBuildPhase;
			buildActionMask = 2147483647;
			files = (
				099967DC228BB041005BC1A5 /* LaunchScreen.storyboard in Resources */,
				099967D9228BB041005BC1A5 /* Assets.xcassets in Resources */,
				099967D7228BB040005BC1A5 /* Main.storyboard in Resources */,
			);
			runOnlyForDeploymentPostprocessing = 0;
		};
/* End PBXResourcesBuildPhase section */

/* Begin PBXSourcesBuildPhase section */
		099967CA228BB040005BC1A5 /* Sources */ = {
			isa = PBXSourcesBuildPhase;
			buildActionMask = 2147483647;
			files = (
				09996808228BC99B005BC1A5 /* MenteeModel.swift in Sources */,
				0999680C228BCD18005BC1A5 /* RoundedButton.swift in Sources */,
				09996806228BC4D5005BC1A5 /* FacilitatorModel.swift in Sources */,
				099967D4228BB040005BC1A5 /* ViewController.swift in Sources */,
				099967E4228BB058005BC1A5 /* LearnerModel.swift in Sources */,
				099967D2228BB040005BC1A5 /* AppDelegate.swift in Sources */,
			);
			runOnlyForDeploymentPostprocessing = 0;
		};
/* End PBXSourcesBuildPhase section */

/* Begin PBXVariantGroup section */
		099967D5228BB040005BC1A5 /* Main.storyboard */ = {
			isa = PBXVariantGroup;
			children = (
				099967D6228BB040005BC1A5 /* Base */,
			);
			name = Main.storyboard;
			sourceTree = "<group>";
		};
		099967DA228BB041005BC1A5 /* LaunchScreen.storyboard */ = {
			isa = PBXVariantGroup;
			children = (
				099967DB228BB041005BC1A5 /* Base */,
			);
			name = LaunchScreen.storyboard;
			sourceTree = "<group>";
		};
/* End PBXVariantGroup section */

/* Begin XCBuildConfiguration section */
		099967DE228BB041005BC1A5 /* Debug */ = {
			isa = XCBuildConfiguration;
			buildSettings = {
				ALWAYS_SEARCH_USER_PATHS = NO;
				CLANG_ANALYZER_NONNULL = YES;
				CLANG_ANALYZER_NUMBER_OBJECT_CONVERSION = YES_AGGRESSIVE;
				CLANG_CXX_LANGUAGE_STANDARD = "gnu++14";
				CLANG_CXX_LIBRARY = "libc++";
				CLANG_ENABLE_MODULES = YES;
				CLANG_ENABLE_OBJC_ARC = YES;
				CLANG_ENABLE_OBJC_WEAK = YES;
				CLANG_WARN_BLOCK_CAPTURE_AUTORELEASING = YES;
				CLANG_WARN_BOOL_CONVERSION = YES;
				CLANG_WARN_COMMA = YES;
				CLANG_WARN_CONSTANT_CONVERSION = YES;
				CLANG_WARN_DEPRECATED_OBJC_IMPLEMENTATIONS = YES;
				CLANG_WARN_DIRECT_OBJC_ISA_USAGE = YES_ERROR;
				CLANG_WARN_DOCUMENTATION_COMMENTS = YES;
				CLANG_WARN_EMPTY_BODY = YES;
				CLANG_WARN_ENUM_CONVERSION = YES;
				CLANG_WARN_INFINITE_RECURSION = YES;
				CLANG_WARN_INT_CONVERSION = YES;
				CLANG_WARN_NON_LITERAL_NULL_CONVERSION = YES;
				CLANG_WARN_OBJC_IMPLICIT_RETAIN_SELF = YES;
				CLANG_WARN_OBJC_LITERAL_CONVERSION = YES;
				CLANG_WARN_OBJC_ROOT_CLASS = YES_ERROR;
				CLANG_WARN_RANGE_LOOP_ANALYSIS = YES;
				CLANG_WARN_STRICT_PROTOTYPES = YES;
				CLANG_WARN_SUSPICIOUS_MOVE = YES;
				CLANG_WARN_UNGUARDED_AVAILABILITY = YES_AGGRESSIVE;
				CLANG_WARN_UNREACHABLE_CODE = YES;
				CLANG_WARN__DUPLICATE_METHOD_MATCH = YES;
				CODE_SIGN_IDENTITY = "iPhone Developer";
				COPY_PHASE_STRIP = NO;
				DEBUG_INFORMATION_FORMAT = dwarf;
				ENABLE_STRICT_OBJC_MSGSEND = YES;
				ENABLE_TESTABILITY = YES;
				GCC_C_LANGUAGE_STANDARD = gnu11;
				GCC_DYNAMIC_NO_PIC = NO;
				GCC_NO_COMMON_BLOCKS = YES;
				GCC_OPTIMIZATION_LEVEL = 0;
				GCC_PREPROCESSOR_DEFINITIONS = (
					"DEBUG=1",
					"$(inherited)",
				);
				GCC_WARN_64_TO_32_BIT_CONVERSION = YES;
				GCC_WARN_ABOUT_RETURN_TYPE = YES_ERROR;
				GCC_WARN_UNDECLARED_SELECTOR = YES;
				GCC_WARN_UNINITIALIZED_AUTOS = YES_AGGRESSIVE;
				GCC_WARN_UNUSED_FUNCTION = YES;
				GCC_WARN_UNUSED_VARIABLE = YES;
				IPHONEOS_DEPLOYMENT_TARGET = 12.2;
				MTL_ENABLE_DEBUG_INFO = INCLUDE_SOURCE;
				MTL_FAST_MATH = YES;
				ONLY_ACTIVE_ARCH = YES;
				SDKROOT = iphoneos;
				SWIFT_ACTIVE_COMPILATION_CONDITIONS = DEBUG;
				SWIFT_OPTIMIZATION_LEVEL = "-Onone";
			};
			name = Debug;
		};
		099967DF228BB041005BC1A5 /* Release */ = {
			isa = XCBuildConfiguration;
			buildSettings = {
				ALWAYS_SEARCH_USER_PATHS = NO;
				CLANG_ANALYZER_NONNULL = YES;
				CLANG_ANALYZER_NUMBER_OBJECT_CONVERSION = YES_AGGRESSIVE;
				CLANG_CXX_LANGUAGE_STANDARD = "gnu++14";
				CLANG_CXX_LIBRARY = "libc++";
				CLANG_ENABLE_MODULES = YES;
				CLANG_ENABLE_OBJC_ARC = YES;
				CLANG_ENABLE_OBJC_WEAK = YES;
				CLANG_WARN_BLOCK_CAPTURE_AUTORELEASING = YES;
				CLANG_WARN_BOOL_CONVERSION = YES;
				CLANG_WARN_COMMA = YES;
				CLANG_WARN_CONSTANT_CONVERSION = YES;
				CLANG_WARN_DEPRECATED_OBJC_IMPLEMENTATIONS = YES;
				CLANG_WARN_DIRECT_OBJC_ISA_USAGE = YES_ERROR;
				CLANG_WARN_DOCUMENTATION_COMMENTS = YES;
				CLANG_WARN_EMPTY_BODY = YES;
				CLANG_WARN_ENUM_CONVERSION = YES;
				CLANG_WARN_INFINITE_RECURSION = YES;
				CLANG_WARN_INT_CONVERSION = YES;
				CLANG_WARN_NON_LITERAL_NULL_CONVERSION = YES;
				CLANG_WARN_OBJC_IMPLICIT_RETAIN_SELF = YES;
				CLANG_WARN_OBJC_LITERAL_CONVERSION = YES;
				CLANG_WARN_OBJC_ROOT_CLASS = YES_ERROR;
				CLANG_WARN_RANGE_LOOP_ANALYSIS = YES;
				CLANG_WARN_STRICT_PROTOTYPES = YES;
				CLANG_WARN_SUSPICIOUS_MOVE = YES;
				CLANG_WARN_UNGUARDED_AVAILABILITY = YES_AGGRESSIVE;
				CLANG_WARN_UNREACHABLE_CODE = YES;
				CLANG_WARN__DUPLICATE_METHOD_MATCH = YES;
				CODE_SIGN_IDENTITY = "iPhone Developer";
				COPY_PHASE_STRIP = NO;
				DEBUG_INFORMATION_FORMAT = "dwarf-with-dsym";
				ENABLE_NS_ASSERTIONS = NO;
				ENABLE_STRICT_OBJC_MSGSEND = YES;
				GCC_C_LANGUAGE_STANDARD = gnu11;
				GCC_NO_COMMON_BLOCKS = YES;
				GCC_WARN_64_TO_32_BIT_CONVERSION = YES;
				GCC_WARN_ABOUT_RETURN_TYPE = YES_ERROR;
				GCC_WARN_UNDECLARED_SELECTOR = YES;
				GCC_WARN_UNINITIALIZED_AUTOS = YES_AGGRESSIVE;
				GCC_WARN_UNUSED_FUNCTION = YES;
				GCC_WARN_UNUSED_VARIABLE = YES;
				IPHONEOS_DEPLOYMENT_TARGET = 12.2;
				MTL_ENABLE_DEBUG_INFO = NO;
				MTL_FAST_MATH = YES;
				SDKROOT = iphoneos;
				SWIFT_COMPILATION_MODE = wholemodule;
				SWIFT_OPTIMIZATION_LEVEL = "-O";
				VALIDATE_PRODUCT = YES;
			};
			name = Release;
		};
		099967E1228BB041005BC1A5 /* Debug */ = {
			isa = XCBuildConfiguration;
			buildSettings = {
				ASSETCATALOG_COMPILER_APPICON_NAME = AppIcon;
				CODE_SIGN_STYLE = Automatic;
				DEVELOPMENT_TEAM = ZKLYR6EPF8;
				INFOPLIST_FILE = "Porject 15 may 2019/Info.plist";
				LD_RUNPATH_SEARCH_PATHS = (
					"$(inherited)",
					"@executable_path/Frameworks",
				);
				PRODUCT_BUNDLE_IDENTIFIER = "com.marcell.Porject-15-may-2019";
				PRODUCT_NAME = "$(TARGET_NAME)";
				SWIFT_VERSION = 5.0;
				TARGETED_DEVICE_FAMILY = "1,2";
			};
			name = Debug;
		};
		099967E2228BB041005BC1A5 /* Release */ = {
			isa = XCBuildConfiguration;
			buildSettings = {
				ASSETCATALOG_COMPILER_APPICON_NAME = AppIcon;
				CODE_SIGN_STYLE = Automatic;
				DEVELOPMENT_TEAM = ZKLYR6EPF8;
				INFOPLIST_FILE = "Porject 15 may 2019/Info.plist";
				LD_RUNPATH_SEARCH_PATHS = (
					"$(inherited)",
					"@executable_path/Frameworks",
				);
				PRODUCT_BUNDLE_IDENTIFIER = "com.marcell.Porject-15-may-2019";
				PRODUCT_NAME = "$(TARGET_NAME)";
				SWIFT_VERSION = 5.0;
				TARGETED_DEVICE_FAMILY = "1,2";
			};
			name = Release;
		};
/* End XCBuildConfiguration section */

/* Begin XCConfigurationList section */
		099967C9228BB040005BC1A5 /* Build configuration list for PBXProject "Project 15 may 2019" */ = {
			isa = XCConfigurationList;
			buildConfigurations = (
				099967DE228BB041005BC1A5 /* Debug */,
				099967DF228BB041005BC1A5 /* Release */,
			);
			defaultConfigurationIsVisible = 0;
			defaultConfigurationName = Release;
		};
		099967E0228BB041005BC1A5 /* Build configuration list for PBXNativeTarget "Project 15 may 2019" */ = {
			isa = XCConfigurationList;
			buildConfigurations = (
				099967E1228BB041005BC1A5 /* Debug */,
				099967E2228BB041005BC1A5 /* Release */,
			);
			defaultConfigurationIsVisible = 0;
			defaultConfigurationName = Release;
		};
/* End XCConfigurationList section */
	};
	rootObject = 099967C6228BB040005BC1A5 /* Project object */;
}
